
Microsoft Visual Studio Solution File, Format Version 12.00
# Visual Studio Version 16
VisualStudioVersion = 16.0.30204.135
MinimumVisualStudioVersion = 10.0.40219.1
Project("{9A19103F-16F7-4668-BE54-9A1E7A4F7556}") = "Mukai Gateway", "Mukai Gateway\Mukai Gateway.csproj", "{AFEA218B-193D-4BC6-81F8-5B53D140148C}"
EndProject
Global
	GlobalSection(SolutionConfigurationPlatforms) = preSolution
		Debug|Any CPU = Debug|Any CPU
		Release|Any CPU = Release|Any CPU
	EndGlobalSection
	GlobalSection(ProjectConfigurationPlatforms) = postSolution
		{AFEA218B-193D-4BC6-81F8-5B53D140148C}.Debug|Any CPU.ActiveCfg = Debug|Any CPU
		{AFEA218B-193D-4BC6-81F8-5B53D140148C}.Debug|Any CPU.Build.0 = Debug|Any CPU
		{AFEA218B-193D-4BC6-81F8-5B53D140148C}.Release|Any CPU.ActiveCfg = Release|Any CPU
		{AFEA218B-193D-4BC6-81F8-5B53D140148C}.Release|Any CPU.Build.0 = Release|Any CPU
	EndGlobalSection
	GlobalSection(SolutionProperties) = preSolution
		HideSolutionNode = FALSE
	EndGlobalSection
	GlobalSection(ExtensibilityGlobals) = postSolution
		SolutionGuid = {642A6D75-6A9D-4C5E-A93B-319939EC8AEF}
	EndGlobalSection
EndGlobal
